// !$*UTF8*$!
{
	archiveVersion = 1;
	classes = {
	};
	objectVersion = 50;
	objects = {

/* Begin PBXBuildFile section */
		223A462B25D13E70002D4FC4 /* AppDelegate.swift in Sources */ = {isa = PBXBuildFile; fileRef = 223A462A25D13E70002D4FC4 /* AppDelegate.swift */; };
		223A462D25D13E70002D4FC4 /* SceneDelegate.swift in Sources */ = {isa = PBXBuildFile; fileRef = 223A462C25D13E70002D4FC4 /* SceneDelegate.swift */; };
		223A462F25D13E70002D4FC4 /* ViewController.swift in Sources */ = {isa = PBXBuildFile; fileRef = 223A462E25D13E70002D4FC4 /* ViewController.swift */; };
		223A463225D13E70002D4FC4 /* Main.storyboard in Resources */ = {isa = PBXBuildFile; fileRef = 223A463025D13E70002D4FC4 /* Main.storyboard */; };
		223A463425D13E74002D4FC4 /* Assets.xcassets in Resources */ = {isa = PBXBuildFile; fileRef = 223A463325D13E74002D4FC4 /* Assets.xcassets */; };
		223A463725D13E74002D4FC4 /* LaunchScreen.storyboard in Resources */ = {isa = PBXBuildFile; fileRef = 223A463525D13E74002D4FC4 /* LaunchScreen.storyboard */; };
		2282046125D148D3006448B4 /* QuestionBrain.swift in Sources */ = {isa = PBXBuildFile; fileRef = 2282046025D148D3006448B4 /* QuestionBrain.swift */; };
		2282046425D14987006448B4 /* Question.swift in Sources */ = {isa = PBXBuildFile; fileRef = 2282046325D14987006448B4 /* Question.swift */; };
/* End PBXBuildFile section */

/* Begin PBXFileReference section */
		223A462725D13E70002D4FC4 /* Teroro.app */ = {isa = PBXFileReference; explicitFileType = wrapper.application; includeInIndex = 0; path = Teroro.app; sourceTree = BUILT_PRODUCTS_DIR; };
		223A462A25D13E70002D4FC4 /* AppDelegate.swift */ = {isa = PBXFileReference; lastKnownFileType = sourcecode.swift; path = AppDelegate.swift; sourceTree = "<group>"; };
		223A462C25D13E70002D4FC4 /* SceneDelegate.swift */ = {isa = PBXFileReference; lastKnownFileType = sourcecode.swift; path = SceneDelegate.swift; sourceTree = "<group>"; };
		223A462E25D13E70002D4FC4 /* ViewController.swift */ = {isa = PBXFileReference; lastKnownFileType = sourcecode.swift; path = ViewController.swift; sourceTree = "<group>"; };
		223A463125D13E70002D4FC4 /* Base */ = {isa = PBXFileReference; lastKnownFileType = file.storyboard; name = Base; path = Base.lproj/Main.storyboard; sourceTree = "<group>"; };
		223A463325D13E74002D4FC4 /* Assets.xcassets */ = {isa = PBXFileReference; lastKnownFileType = folder.assetcatalog; path = Assets.xcassets; sourceTree = "<group>"; };
		223A463625D13E74002D4FC4 /* Base */ = {isa = PBXFileReference; lastKnownFileType = file.storyboard; name = Base; path = Base.lproj/LaunchScreen.storyboard; sourceTree = "<group>"; };
		223A463825D13E74002D4FC4 /* Info.plist */ = {isa = PBXFileReference; lastKnownFileType = text.plist.xml; path = Info.plist; sourceTree = "<group>"; };
		2282046025D148D3006448B4 /* QuestionBrain.swift */ = {isa = PBXFileReference; lastKnownFileType = sourcecode.swift; path = QuestionBrain.swift; sourceTree = "<group>"; };
		2282046325D14987006448B4 /* Question.swift */ = {isa = PBXFileReference; lastKnownFileType = sourcecode.swift; path = Question.swift; sourceTree = "<group>"; };
/* End PBXFileReference section */

/* Begin PBXFrameworksBuildPhase section */
		223A462425D13E70002D4FC4 /* Frameworks */ = {
			isa = PBXFrameworksBuildPhase;
			buildActionMask = 2147483647;
			files = (
			);
			runOnlyForDeploymentPostprocessing = 0;
		};
/* End PBXFrameworksBuildPhase section */

/* Begin PBXGroup section */
		223A461E25D13E70002D4FC4 = {
			isa = PBXGroup;
			children = (
				223A462925D13E70002D4FC4 /* Teroro */,
				223A462825D13E70002D4FC4 /* Products */,
			);
			sourceTree = "<group>";
		};
		223A462825D13E70002D4FC4 /* Products */ = {
			isa = PBXGroup;
			children = (
				223A462725D13E70002D4FC4 /* Teroro.app */,
			);
			name = Products;
			sourceTree = "<group>";
		};
		223A462925D13E70002D4FC4 /* Teroro */ = {
			isa = PBXGroup;
			children = (
				223A462A25D13E70002D4FC4 /* AppDelegate.swift */,
				223A462C25D13E70002D4FC4 /* SceneDelegate.swift */,
				223A464125D13E97002D4FC4 /* Models */,
				223A464025D13E93002D4FC4 /* View */,
				223A463F25D13E89002D4FC4 /* Controllers */,
				223A463325D13E74002D4FC4 /* Assets.xcassets */,
				223A463525D13E74002D4FC4 /* LaunchScreen.storyboard */,
				223A463825D13E74002D4FC4 /* Info.plist */,
			);
			path = Teroro;
			sourceTree = "<group>";
		};
		223A463F25D13E89002D4FC4 /* Controllers */ = {
			isa = PBXGroup;
			children = (
				223A462E25D13E70002D4FC4 /* ViewController.swift */,
			);
			path = Controllers;
			sourceTree = "<group>";
		};
		223A464025D13E93002D4FC4 /* View */ = {
			isa = PBXGroup;
			children = (
				223A463025D13E70002D4FC4 /* Main.storyboard */,
			);
			path = View;
			sourceTree = "<group>";
		};
		223A464125D13E97002D4FC4 /* Models */ = {
			isa = PBXGroup;
			children = (
				2282046025D148D3006448B4 /* QuestionBrain.swift */,
				2282046325D14987006448B4 /* Question.swift */,
			);
			path = Models;
			sourceTree = "<group>";
		};
/* End PBXGroup section */

/* Begin PBXNativeTarget section */
		223A462625D13E70002D4FC4 /* Teroro */ = {
			isa = PBXNativeTarget;
			buildConfigurationList = 223A463B25D13E74002D4FC4 /* Build configuration list for PBXNativeTarget "Teroro" */;
			buildPhases = (
				223A462325D13E70002D4FC4 /* Sources */,
				223A462425D13E70002D4FC4 /* Frameworks */,
				223A462525D13E70002D4FC4 /* Resources */,
			);
			buildRules = (
			);
			dependencies = (
			);
			name = Teroro;
			productName = Teroro;
			productReference = 223A462725D13E70002D4FC4 /* Teroro.app */;
			productType = "com.apple.product-type.application";
		};
/* End PBXNativeTarget section */

/* Begin PBXProject section */
		223A461F25D13E70002D4FC4 /* Project object */ = {
			isa = PBXProject;
			attributes = {
				LastSwiftUpdateCheck = 1240;
				LastUpgradeCheck = 1240;
				TargetAttributes = {
					223A462625D13E70002D4FC4 = {
						CreatedOnToolsVersion = 12.4;
					};
				};
			};
			buildConfigurationList = 223A462225D13E70002D4FC4 /* Build configuration list for PBXProject "Teroro" */;
			compatibilityVersion = "Xcode 9.3";
			developmentRegion = en;
			hasScannedForEncodings = 0;
			knownRegions = (
				en,
				Base,
			);
			mainGroup = 223A461E25D13E70002D4FC4;
			productRefGroup = 223A462825D13E70002D4FC4 /* Products */;
			projectDirPath = "";
			projectRoot = "";
			targets = (
				223A462625D13E70002D4FC4 /* Teroro */,
			);
		};
/* End PBXProject section */

/* Begin PBXResourcesBuildPhase section */
		223A462525D13E70002D4FC4 /* Resources */ = {
			isa = PBXResourcesBuildPhase;
			buildActionMask = 2147483647;
			files = (
				223A463725D13E74002D4FC4 /* LaunchScreen.storyboard in Resources */,
				223A463425D13E74002D4FC4 /* Assets.xcassets in Resources */,
				223A463225D13E70002D4FC4 /* Main.storyboard in Resources */,
			);
			runOnlyForDeploymentPostprocessing = 0;
		};
/* End PBXResourcesBuildPhase section */

/* Begin PBXSourcesBuildPhase section */
		223A462325D13E70002D4FC4 /* Sources */ = {
			isa = PBXSourcesBuildPhase;
			buildActionMask = 2147483647;
			files = (
				2282046425D14987006448B4 /* Question.swift in Sources */,
				223A462F25D13E70002D4FC4 /* ViewController.swift in Sources */,
				223A462B25D13E70002D4FC4 /* AppDelegate.swift in Sources */,
				2282046125D148D3006448B4 /* QuestionBrain.swift in Sources */,
				223A462D25D13E70002D4FC4 /* SceneDelegate.swift in Sources */,
			);
			runOnlyForDeploymentPostprocessing = 0;
		};
/* End PBXSourcesBuildPhase section */

/* Begin PBXVariantGroup section */
		223A463025D13E70002D4FC4 /* Main.storyboard */ = {
			isa = PBXVariantGroup;
			children = (
				223A463125D13E70002D4FC4 /* Base */,
			);
			name = Main.storyboard;
			sourceTree = "<group>";
		};
		223A463525D13E74002D4FC4 /* LaunchScreen.storyboard */ = {
			isa = PBXVariantGroup;
			children = (
				223A463625D13E74002D4FC4 /* Base */,
			);
			name = LaunchScreen.storyboard;
			sourceTree = "<group>";
		};
/* End PBXVariantGroup section */

/* Begin XCBuildConfiguration section */
		223A463925D13E74002D4FC4 /* Debug */ = {
			isa = XCBuildConfiguration;
			buildSettings = {
				ALWAYS_SEARCH_USER_PATHS = NO;
				CLANG_ANALYZER_NONNULL = YES;
				CLANG_ANALYZER_NUMBER_OBJECT_CONVERSION = YES_AGGRESSIVE;
				CLANG_CXX_LANGUAGE_STANDARD = "gnu++14";
				CLANG_CXX_LIBRARY = "libc++";
				CLANG_ENABLE_MODULES = YES;
				CLANG_ENABLE_OBJC_ARC = YES;
				CLANG_ENABLE_OBJC_WEAK = YES;
				CLANG_WARN_BLOCK_CAPTURE_AUTORELEASING = YES;
				CLANG_WARN_BOOL_CONVERSION = YES;
				CLANG_WARN_COMMA = YES;
				CLANG_WARN_CONSTANT_CONVERSION = YES;
				CLANG_WARN_DEPRECATED_OBJC_IMPLEMENTATIONS = YES;
				CLANG_WARN_DIRECT_OBJC_ISA_USAGE = YES_ERROR;
				CLANG_WARN_DOCUMENTATION_COMMENTS = YES;
				CLANG_WARN_EMPTY_BODY = YES;
				CLANG_WARN_ENUM_CONVERSION = YES;
				CLANG_WARN_INFINITE_RECURSION = YES;
				CLANG_WARN_INT_CONVERSION = YES;
				CLANG_WARN_NON_LITERAL_NULL_CONVERSION = YES;
				CLANG_WARN_OBJC_IMPLICIT_RETAIN_SELF = YES;
				CLANG_WARN_OBJC_LITERAL_CONVERSION = YES;
				CLANG_WARN_OBJC_ROOT_CLASS = YES_ERROR;
				CLANG_WARN_QUOTED_INCLUDE_IN_FRAMEWORK_HEADER = YES;
				CLANG_WARN_RANGE_LOOP_ANALYSIS = YES;
				CLANG_WARN_STRICT_PROTOTYPES = YES;
				CLANG_WARN_SUSPICIOUS_MOVE = YES;
				CLANG_WARN_UNGUARDED_AVAILABILITY = YES_AGGRESSIVE;
				CLANG_WARN_UNREACHABLE_CODE = YES;
				CLANG_WARN__DUPLICATE_METHOD_MATCH = YES;
				COPY_PHASE_STRIP = NO;
				DEBUG_INFORMATION_FORMAT = dwarf;
				ENABLE_STRICT_OBJC_MSGSEND = YES;
				ENABLE_TESTABILITY = YES;
				GCC_C_LANGUAGE_STANDARD = gnu11;
				GCC_DYNAMIC_NO_PIC = NO;
				GCC_NO_COMMON_BLOCKS = YES;
				GCC_OPTIMIZATION_LEVEL = 0;
				GCC_PREPROCESSOR_DEFINITIONS = (
					"DEBUG=1",
					"$(inherited)",
				);
				GCC_WARN_64_TO_32_BIT_CONVERSION = YES;
				GCC_WARN_ABOUT_RETURN_TYPE = YES_ERROR;
				GCC_WARN_UNDECLARED_SELECTOR = YES;
				GCC_WARN_UNINITIALIZED_AUTOS = YES_AGGRESSIVE;
				GCC_WARN_UNUSED_FUNCTION = YES;
				GCC_WARN_UNUSED_VARIABLE = YES;
				IPHONEOS_DEPLOYMENT_TARGET = 14.4;
				MTL_ENABLE_DEBUG_INFO = INCLUDE_SOURCE;
				MTL_FAST_MATH = YES;
				ONLY_ACTIVE_ARCH = YES;
				SDKROOT = iphoneos;
				SWIFT_ACTIVE_COMPILATION_CONDITIONS = DEBUG;
				SWIFT_OPTIMIZATION_LEVEL = "-Onone";
			};
			name = Debug;
		};
		223A463A25D13E74002D4FC4 /* Release */ = {
			isa = XCBuildConfiguration;
			buildSettings = {
				ALWAYS_SEARCH_USER_PATHS = NO;
				CLANG_ANALYZER_NONNULL = YES;
				CLANG_ANALYZER_NUMBER_OBJECT_CONVERSION = YES_AGGRESSIVE;
				CLANG_CXX_LANGUAGE_STANDARD = "gnu++14";
				CLANG_CXX_LIBRARY = "libc++";
				CLANG_ENABLE_MODULES = YES;
				CLANG_ENABLE_OBJC_ARC = YES;
				CLANG_ENABLE_OBJC_WEAK = YES;
				CLANG_WARN_BLOCK_CAPTURE_AUTORELEASING = YES;
				CLANG_WARN_BOOL_CONVERSION = YES;
				CLANG_WARN_COMMA = YES;
				CLANG_WARN_CONSTANT_CONVERSION = YES;
				CLANG_WARN_DEPRECATED_OBJC_IMPLEMENTATIONS = YES;
				CLANG_WARN_DIRECT_OBJC_ISA_USAGE = YES_ERROR;
				CLANG_WARN_DOCUMENTATION_COMMENTS = YES;
				CLANG_WARN_EMPTY_BODY = YES;
				CLANG_WARN_ENUM_CONVERSION = YES;
				CLANG_WARN_INFINITE_RECURSION = YES;
				CLANG_WARN_INT_CONVERSION = YES;
				CLANG_WARN_NON_LITERAL_NULL_CONVERSION = YES;
				CLANG_WARN_OBJC_IMPLICIT_RETAIN_SELF = YES;
				CLANG_WARN_OBJC_LITERAL_CONVERSION = YES;
				CLANG_WARN_OBJC_ROOT_CLASS = YES_ERROR;
				CLANG_WARN_QUOTED_INCLUDE_IN_FRAMEWORK_HEADER = YES;
				CLANG_WARN_RANGE_LOOP_ANALYSIS = YES;
				CLANG_WARN_STRICT_PROTOTYPES = YES;
				CLANG_WARN_SUSPICIOUS_MOVE = YES;
				CLANG_WARN_UNGUARDED_AVAILABILITY = YES_AGGRESSIVE;
				CLANG_WARN_UNREACHABLE_CODE = YES;
				CLANG_WARN__DUPLICATE_METHOD_MATCH = YES;
				COPY_PHASE_STRIP = NO;
				DEBUG_INFORMATION_FORMAT = "dwarf-with-dsym";
				ENABLE_NS_ASSERTIONS = NO;
				ENABLE_STRICT_OBJC_MSGSEND = YES;
				GCC_C_LANGUAGE_STANDARD = gnu11;
				GCC_NO_COMMON_BLOCKS = YES;
				GCC_WARN_64_TO_32_BIT_CONVERSION = YES;
				GCC_WARN_ABOUT_RETURN_TYPE = YES_ERROR;
				GCC_WARN_UNDECLARED_SELECTOR = YES;
				GCC_WARN_UNINITIALIZED_AUTOS = YES_AGGRESSIVE;
				GCC_WARN_UNUSED_FUNCTION = YES;
				GCC_WARN_UNUSED_VARIABLE = YES;
				IPHONEOS_DEPLOYMENT_TARGET = 14.4;
				MTL_ENABLE_DEBUG_INFO = NO;
				MTL_FAST_MATH = YES;
				SDKROOT = iphoneos;
				SWIFT_COMPILATION_MODE = wholemodule;
				SWIFT_OPTIMIZATION_LEVEL = "-O";
				VALIDATE_PRODUCT = YES;
			};
			name = Release;
		};
		223A463C25D13E74002D4FC4 /* Debug */ = {
			isa = XCBuildConfiguration;
			buildSettings = {
				ASSETCATALOG_COMPILER_APPICON_NAME = AppIcon;
				ASSETCATALOG_COMPILER_GLOBAL_ACCENT_COLOR_NAME = AccentColor;
				CODE_SIGN_STYLE = Automatic;
				DEVELOPMENT_TEAM = 2BDTRH2ZFS;
				INFOPLIST_FILE = Teroro/Info.plist;
				LD_RUNPATH_SEARCH_PATHS = (
					"$(inherited)",
					"@executable_path/Frameworks",
				);
				PRODUCT_BUNDLE_IDENTIFIER = com.poyraz.Teroro;
				PRODUCT_NAME = "$(TARGET_NAME)";
				SWIFT_VERSION = 5.0;
				TARGETED_DEVICE_FAMILY = "1,2";
			};
			name = Debug;
		};
		223A463D25D13E74002D4FC4 /* Release */ = {
			isa = XCBuildConfiguration;
			buildSettings = {
				ASSETCATALOG_COMPILER_APPICON_NAME = AppIcon;
				ASSETCATALOG_COMPILER_GLOBAL_ACCENT_COLOR_NAME = AccentColor;
				CODE_SIGN_STYLE = Automatic;
				DEVELOPMENT_TEAM = 2BDTRH2ZFS;
				INFOPLIST_FILE = Teroro/Info.plist;
				LD_RUNPATH_SEARCH_PATHS = (
					"$(inherited)",
					"@executable_path/Frameworks",
				);
				PRODUCT_BUNDLE_IDENTIFIER = com.poyraz.Teroro;
				PRODUCT_NAME = "$(TARGET_NAME)";
				SWIFT_VERSION = 5.0;
				TARGETED_DEVICE_FAMILY = "1,2";
			};
			name = Release;
		};
/* End XCBuildConfiguration section */

/* Begin XCConfigurationList section */
		223A462225D13E70002D4FC4 /* Build configuration list for PBXProject "Teroro" */ = {
			isa = XCConfigurationList;
			buildConfigurations = (
				223A463925D13E74002D4FC4 /* Debug */,
				223A463A25D13E74002D4FC4 /* Release */,
			);
			defaultConfigurationIsVisible = 0;
			defaultConfigurationName = Release;
		};
		223A463B25D13E74002D4FC4 /* Build configuration list for PBXNativeTarget "Teroro" */ = {
			isa = XCConfigurationList;
			buildConfigurations = (
				223A463C25D13E74002D4FC4 /* Debug */,
				223A463D25D13E74002D4FC4 /* Release */,
			);
			defaultConfigurationIsVisible = 0;
			defaultConfigurationName = Release;
		};
/* End XCConfigurationList section */
	};
	rootObject = 223A461F25D13E70002D4FC4 /* Project object */;
}
